
Microsoft Visual Studio Solution File, Format Version 12.00
# Visual Studio Version 16
VisualStudioVersion = 16.0.29709.97
MinimumVisualStudioVersion = 10.0.40219.1
Project("{FAE04EC0-301F-11D3-BF4B-00C04F79EFBC}") = "WingtipToys", "WingtipToys\WingtipToys.csproj", "{D93731C8-0B3E-43A4-B71D-3C611E3B03AE}"
EndProject
Global
	GlobalSection(SolutionConfigurationPlatforms) = preSolution
		Debug|Any CPU = Debug|Any CPU
		Release|Any CPU = Release|Any CPU
	EndGlobalSection
	GlobalSection(ProjectConfigurationPlatforms) = postSolution
		{D93731C8-0B3E-43A4-B71D-3C611E3B03AE}.Debug|Any CPU.ActiveCfg = Debug|Any CPU
		{D93731C8-0B3E-43A4-B71D-3C611E3B03AE}.Debug|Any CPU.Build.0 = Debug|Any CPU
		{D93731C8-0B3E-43A4-B71D-3C611E3B03AE}.Release|Any CPU.ActiveCfg = Release|Any CPU
		{D93731C8-0B3E-43A4-B71D-3C611E3B03AE}.Release|Any CPU.Build.0 = Release|Any CPU
	EndGlobalSection
	GlobalSection(SolutionProperties) = preSolution
		HideSolutionNode = FALSE
	EndGlobalSection
	GlobalSection(ExtensibilityGlobals) = postSolution
		SolutionGuid = {E25803CE-EE52-4536-9680-E9A38319D500}
	EndGlobalSection
EndGlobal
